
Microsoft Visual Studio Solution File, Format Version 12.00
# Visual Studio 15
Project("{FAE04EC0-301F-11D3-BF4B-00C04F79EFBC}") = "Unity.Timeline", "Unity.Timeline.csproj", "{68135B33-3280-E7E4-AAE2-37AFF552AA40}"
EndProject
Project("{FAE04EC0-301F-11D3-BF4B-00C04F79EFBC}") = "Unity.Timeline.Editor", "Unity.Timeline.Editor.csproj", "{AF13513C-0968-7DD9-4F5A-62ABC725FDE9}"
EndProject
Project("{FAE04EC0-301F-11D3-BF4B-00C04F79EFBC}") = "Unity.TextMeshPro.Editor", "Unity.TextMeshPro.Editor.csproj", "{27557133-FB40-CE9B-5BD3-9559F7B71025}"
EndProject
Project("{FAE04EC0-301F-11D3-BF4B-00C04F79EFBC}") = "Unity.PlasticSCM.Editor", "Unity.PlasticSCM.Editor.csproj", "{5087C77C-9A27-8100-289C-40A37E75ACAB}"
EndProject
Project("{FAE04EC0-301F-11D3-BF4B-00C04F79EFBC}") = "UnityEditor.UI", "UnityEditor.UI.csproj", "{DD5F27DA-5AB0-963E-F5A3-490C5DF563A5}"
EndProject
Project("{FAE04EC0-301F-11D3-BF4B-00C04F79EFBC}") = "UnityEditor.TestRunner", "UnityEditor.TestRunner.csproj", "{50C20E2A-47BF-3CAB-5189-7C98530F4904}"
EndProject
Project("{FAE04EC0-301F-11D3-BF4B-00C04F79EFBC}") = "UnityEngine.TestRunner", "UnityEngine.TestRunner.csproj", "{9A5E80C8-3062-58B6-D155-606CF9D2CEAE}"
EndProject
Project("{FAE04EC0-301F-11D3-BF4B-00C04F79EFBC}") = "UnityEngine.UI", "UnityEngine.UI.csproj", "{6F5C258B-22D8-2449-2FA8-AA92BE343CB7}"
EndProject
Project("{FAE04EC0-301F-11D3-BF4B-00C04F79EFBC}") = "Unity.Rider.Editor", "Unity.Rider.Editor.csproj", "{864EBF37-902E-0855-9992-988F42575230}"
EndProject
Project("{FAE04EC0-301F-11D3-BF4B-00C04F79EFBC}") = "Unity.TextMeshPro", "Unity.TextMeshPro.csproj", "{1F5C8C81-F273-AD8B-3319-52A0464A90F0}"
EndProject
Project("{FAE04EC0-301F-11D3-BF4B-00C04F79EFBC}") = "Unity.AI.Navigation.Editor", "Unity.AI.Navigation.Editor.csproj", "{84581495-E737-3D13-909B-808919997541}"
EndProject
Project("{FAE04EC0-301F-11D3-BF4B-00C04F79EFBC}") = "Unity.VisualStudio.Editor", "Unity.VisualStudio.Editor.csproj", "{A8D880F4-D335-C505-2E7B-0256664D75E2}"
EndProject
Project("{FAE04EC0-301F-11D3-BF4B-00C04F79EFBC}") = "Unity.AI.Navigation", "Unity.AI.Navigation.csproj", "{34AC6561-E17B-5528-AD53-6EE7FBC56B2C}"
EndProject
Project("{FAE04EC0-301F-11D3-BF4B-00C04F79EFBC}") = "Assembly-CSharp", "Assembly-CSharp.csproj", "{83EF5FBD-74C7-7025-1DC0-7340593AC5C9}"
EndProject
Project("{FAE04EC0-301F-11D3-BF4B-00C04F79EFBC}") = "Unity.AI.Navigation.Editor.ConversionSystem", "Unity.AI.Navigation.Editor.ConversionSystem.csproj", "{BFA4662F-1359-BA3B-DD19-762347A7A8EA}"
EndProject
Project("{FAE04EC0-301F-11D3-BF4B-00C04F79EFBC}") = "Bunny83.simpleJson", "Bunny83.simpleJson.csproj", "{9004801D-1132-47C6-21BA-1198225B405F}"
EndProject
Project("{FAE04EC0-301F-11D3-BF4B-00C04F79EFBC}") = "Unity.VSCode.Editor", "Unity.VSCode.Editor.csproj", "{22961EA1-52A1-44E1-3866-01BEC9CBAE33}"
EndProject
Project("{FAE04EC0-301F-11D3-BF4B-00C04F79EFBC}") = "Unity.AI.Navigation.Updater", "Unity.AI.Navigation.Updater.csproj", "{0ED16016-83DA-0DC8-9987-5A3B02A9D622}"
EndProject
Project("{FAE04EC0-301F-11D3-BF4B-00C04F79EFBC}") = "Unity.CollabProxy.Editor", "Unity.CollabProxy.Editor.csproj", "{52189B69-0CEA-746E-9F7D-47D1F7B0B01B}"
EndProject
Global
	GlobalSection(SolutionConfigurationPlatforms) = preSolution
		Debug|Any CPU = Debug|Any CPU
		Release|Any CPU = Release|Any CPU
	EndGlobalSection
	GlobalSection(ProjectConfigurationPlatforms) = postSolution
		{68135B33-3280-E7E4-AAE2-37AFF552AA40}.Debug|Any CPU.ActiveCfg = Debug|Any CPU
		{68135B33-3280-E7E4-AAE2-37AFF552AA40}.Debug|Any CPU.Build.0 = Debug|Any CPU
		{68135B33-3280-E7E4-AAE2-37AFF552AA40}.Release|Any CPU.ActiveCfg = Release|Any CPU
		{68135B33-3280-E7E4-AAE2-37AFF552AA40}.Release|Any CPU.Build.0 = Release|Any CPU
		{AF13513C-0968-7DD9-4F5A-62ABC725FDE9}.Debug|Any CPU.ActiveCfg = Debug|Any CPU
		{AF13513C-0968-7DD9-4F5A-62ABC725FDE9}.Debug|Any CPU.Build.0 = Debug|Any CPU
		{AF13513C-0968-7DD9-4F5A-62ABC725FDE9}.Release|Any CPU.ActiveCfg = Release|Any CPU
		{AF13513C-0968-7DD9-4F5A-62ABC725FDE9}.Release|Any CPU.Build.0 = Release|Any CPU
		{27557133-FB40-CE9B-5BD3-9559F7B71025}.Debug|Any CPU.ActiveCfg = Debug|Any CPU
		{27557133-FB40-CE9B-5BD3-9559F7B71025}.Debug|Any CPU.Build.0 = Debug|Any CPU
		{27557133-FB40-CE9B-5BD3-9559F7B71025}.Release|Any CPU.ActiveCfg = Release|Any CPU
		{27557133-FB40-CE9B-5BD3-9559F7B71025}.Release|Any CPU.Build.0 = Release|Any CPU
		{5087C77C-9A27-8100-289C-40A37E75ACAB}.Debug|Any CPU.ActiveCfg = Debug|Any CPU
		{5087C77C-9A27-8100-289C-40A37E75ACAB}.Debug|Any CPU.Build.0 = Debug|Any CPU
		{5087C77C-9A27-8100-289C-40A37E75ACAB}.Release|Any CPU.ActiveCfg = Release|Any CPU
		{5087C77C-9A27-8100-289C-40A37E75ACAB}.Release|Any CPU.Build.0 = Release|Any CPU
		{DD5F27DA-5AB0-963E-F5A3-490C5DF563A5}.Debug|Any CPU.ActiveCfg = Debug|Any CPU
		{DD5F27DA-5AB0-963E-F5A3-490C5DF563A5}.Debug|Any CPU.Build.0 = Debug|Any CPU
		{DD5F27DA-5AB0-963E-F5A3-490C5DF563A5}.Release|Any CPU.ActiveCfg = Release|Any CPU
		{DD5F27DA-5AB0-963E-F5A3-490C5DF563A5}.Release|Any CPU.Build.0 = Release|Any CPU
		{50C20E2A-47BF-3CAB-5189-7C98530F4904}.Debug|Any CPU.ActiveCfg = Debug|Any CPU
		{50C20E2A-47BF-3CAB-5189-7C98530F4904}.Debug|Any CPU.Build.0 = Debug|Any CPU
		{50C20E2A-47BF-3CAB-5189-7C98530F4904}.Release|Any CPU.ActiveCfg = Release|Any CPU
		{50C20E2A-47BF-3CAB-5189-7C98530F4904}.Release|Any CPU.Build.0 = Release|Any CPU
		{9A5E80C8-3062-58B6-D155-606CF9D2CEAE}.Debug|Any CPU.ActiveCfg = Debug|Any CPU
		{9A5E80C8-3062-58B6-D155-606CF9D2CEAE}.Debug|Any CPU.Build.0 = Debug|Any CPU
		{9A5E80C8-3062-58B6-D155-606CF9D2CEAE}.Release|Any CPU.ActiveCfg = Release|Any CPU
		{9A5E80C8-3062-58B6-D155-606CF9D2CEAE}.Release|Any CPU.Build.0 = Release|Any CPU
		{6F5C258B-22D8-2449-2FA8-AA92BE343CB7}.Debug|Any CPU.ActiveCfg = Debug|Any CPU
		{6F5C258B-22D8-2449-2FA8-AA92BE343CB7}.Debug|Any CPU.Build.0 = Debug|Any CPU
		{6F5C258B-22D8-2449-2FA8-AA92BE343CB7}.Release|Any CPU.ActiveCfg = Release|Any CPU
		{6F5C258B-22D8-2449-2FA8-AA92BE343CB7}.Release|Any CPU.Build.0 = Release|Any CPU
		{864EBF37-902E-0855-9992-988F42575230}.Debug|Any CPU.ActiveCfg = Debug|Any CPU
		{864EBF37-902E-0855-9992-988F42575230}.Debug|Any CPU.Build.0 = Debug|Any CPU
		{864EBF37-902E-0855-9992-988F42575230}.Release|Any CPU.ActiveCfg = Release|Any CPU
		{864EBF37-902E-0855-9992-988F42575230}.Release|Any CPU.Build.0 = Release|Any CPU
		{1F5C8C81-F273-AD8B-3319-52A0464A90F0}.Debug|Any CPU.ActiveCfg = Debug|Any CPU
		{1F5C8C81-F273-AD8B-3319-52A0464A90F0}.Debug|Any CPU.Build.0 = Debug|Any CPU
		{1F5C8C81-F273-AD8B-3319-52A0464A90F0}.Release|Any CPU.ActiveCfg = Release|Any CPU
		{1F5C8C81-F273-AD8B-3319-52A0464A90F0}.Release|Any CPU.Build.0 = Release|Any CPU
		{84581495-E737-3D13-909B-808919997541}.Debug|Any CPU.ActiveCfg = Debug|Any CPU
		{84581495-E737-3D13-909B-808919997541}.Debug|Any CPU.Build.0 = Debug|Any CPU
		{84581495-E737-3D13-909B-808919997541}.Release|Any CPU.ActiveCfg = Release|Any CPU
		{84581495-E737-3D13-909B-808919997541}.Release|Any CPU.Build.0 = Release|Any CPU
		{A8D880F4-D335-C505-2E7B-0256664D75E2}.Debug|Any CPU.ActiveCfg = Debug|Any CPU
		{A8D880F4-D335-C505-2E7B-0256664D75E2}.Debug|Any CPU.Build.0 = Debug|Any CPU
		{A8D880F4-D335-C505-2E7B-0256664D75E2}.Release|Any CPU.ActiveCfg = Release|Any CPU
		{A8D880F4-D335-C505-2E7B-0256664D75E2}.Release|Any CPU.Build.0 = Release|Any CPU
		{34AC6561-E17B-5528-AD53-6EE7FBC56B2C}.Debug|Any CPU.ActiveCfg = Debug|Any CPU
		{34AC6561-E17B-5528-AD53-6EE7FBC56B2C}.Debug|Any CPU.Build.0 = Debug|Any CPU
		{34AC6561-E17B-5528-AD53-6EE7FBC56B2C}.Release|Any CPU.ActiveCfg = Release|Any CPU
		{34AC6561-E17B-5528-AD53-6EE7FBC56B2C}.Release|Any CPU.Build.0 = Release|Any CPU
		{83EF5FBD-74C7-7025-1DC0-7340593AC5C9}.Debug|Any CPU.ActiveCfg = Debug|Any CPU
		{83EF5FBD-74C7-7025-1DC0-7340593AC5C9}.Debug|Any CPU.Build.0 = Debug|Any CPU
		{83EF5FBD-74C7-7025-1DC0-7340593AC5C9}.Release|Any CPU.ActiveCfg = Release|Any CPU
		{83EF5FBD-74C7-7025-1DC0-7340593AC5C9}.Release|Any CPU.Build.0 = Release|Any CPU
		{BFA4662F-1359-BA3B-DD19-762347A7A8EA}.Debug|Any CPU.ActiveCfg = Debug|Any CPU
		{BFA4662F-1359-BA3B-DD19-762347A7A8EA}.Debug|Any CPU.Build.0 = Debug|Any CPU
		{BFA4662F-1359-BA3B-DD19-762347A7A8EA}.Release|Any CPU.ActiveCfg = Release|Any CPU
		{BFA4662F-1359-BA3B-DD19-762347A7A8EA}.Release|Any CPU.Build.0 = Release|Any CPU
		{9004801D-1132-47C6-21BA-1198225B405F}.Debug|Any CPU.ActiveCfg = Debug|Any CPU
		{9004801D-1132-47C6-21BA-1198225B405F}.Debug|Any CPU.Build.0 = Debug|Any CPU
		{9004801D-1132-47C6-21BA-1198225B405F}.Release|Any CPU.ActiveCfg = Release|Any CPU
		{9004801D-1132-47C6-21BA-1198225B405F}.Release|Any CPU.Build.0 = Release|Any CPU
		{22961EA1-52A1-44E1-3866-01BEC9CBAE33}.Debug|Any CPU.ActiveCfg = Debug|Any CPU
		{22961EA1-52A1-44E1-3866-01BEC9CBAE33}.Debug|Any CPU.Build.0 = Debug|Any CPU
		{22961EA1-52A1-44E1-3866-01BEC9CBAE33}.Release|Any CPU.ActiveCfg = Release|Any CPU
		{22961EA1-52A1-44E1-3866-01BEC9CBAE33}.Release|Any CPU.Build.0 = Release|Any CPU
		{0ED16016-83DA-0DC8-9987-5A3B02A9D622}.Debug|Any CPU.ActiveCfg = Debug|Any CPU
		{0ED16016-83DA-0DC8-9987-5A3B02A9D622}.Debug|Any CPU.Build.0 = Debug|Any CPU
		{0ED16016-83DA-0DC8-9987-5A3B02A9D622}.Release|Any CPU.ActiveCfg = Release|Any CPU
		{0ED16016-83DA-0DC8-9987-5A3B02A9D622}.Release|Any CPU.Build.0 = Release|Any CPU
		{52189B69-0CEA-746E-9F7D-47D1F7B0B01B}.Debug|Any CPU.ActiveCfg = Debug|Any CPU
		{52189B69-0CEA-746E-9F7D-47D1F7B0B01B}.Debug|Any CPU.Build.0 = Debug|Any CPU
		{52189B69-0CEA-746E-9F7D-47D1F7B0B01B}.Release|Any CPU.ActiveCfg = Release|Any CPU
		{52189B69-0CEA-746E-9F7D-47D1F7B0B01B}.Release|Any CPU.Build.0 = Release|Any CPU
	EndGlobalSection
	GlobalSection(SolutionProperties) = preSolution
		HideSolutionNode = FALSE
	EndGlobalSection
EndGlobal
